{
  "name": "liba",
  "version": "1.0.0",
  "lockfileVersion": 2,
  "requires": true,
  "packages": {
    "": {
      "version": "1.0.0",
      "license": "ISC",
      "dependencies": {
        "minecraft-server-util": "^3.6.0",
        "node-int64": "^0.4.0",
        "varint": "^6.0.0"
      }
    },
    "node_modules/ansi-styles": {
      "version": "5.2.0",
      "resolved": "https://registry.npmjs.org/ansi-styles/-/ansi-styles-5.2.0.tgz",
      "integrity": "sha512-Cxwpt2SfTzTtXcfOlzGEee8O+c+MmUgGrNiBcXnuWxuFJHe6a5Hz7qwhwe5OgaSYI0IJvkLqWX1ASG+cJOkEiA==",
      "engines": {
        "node": ">=10"
      },
      "funding": {
        "url": "https://github.com/chalk/ansi-styles?sponsor=1"
      }
    },
    "node_modules/minecraft-server-util": {
      "version": "3.6.0",
      "resolved": "https://registry.npmjs.org/minecraft-server-util/-/minecraft-server-util-3.6.0.tgz",
      "integrity": "sha512-S+epv8Y4tYncBOCHrih81/vBwH6T2Tyn+D1yDXhUme74x0ELRD/NHyGZRH7Nyd2p0Oew/A/T3q3kbRP6EWPHbg==",
      "dependencies": {
        "ansi-styles": "^5.0.0"
      },
      "engines": {
        "node": ">=10.0.0"
      }
    },
    "node_modules/node-int64": {
      "version": "0.4.0",
      "resolved": "https://registry.npmjs.org/node-int64/-/node-int64-0.4.0.tgz",
      "integrity": "sha1-h6kGXNs1XTGC2PlM4RGIuCXGijs="
    },
    "node_modules/varint": {
      "version": "6.0.0",
      "resolved": "https://registry.npmjs.org/varint/-/varint-6.0.0.tgz",
      "integrity": "sha512-cXEIW6cfr15lFv563k4GuVuW/fiwjknytD37jIOLSdSWuOI6WnO/oKwmP2FQTU2l01LP8/M5TSAJpzUaGe3uWg=="
    }
  },
  "dependencies": {
    "ansi-styles": {
      "version": "5.2.0",
      "resolved": "https://registry.npmjs.org/ansi-styles/-/ansi-styles-5.2.0.tgz",
      "integrity": "sha512-Cxwpt2SfTzTtXcfOlzGEee8O+c+MmUgGrNiBcXnuWxuFJHe6a5Hz7qwhwe5OgaSYI0IJvkLqWX1ASG+cJOkEiA=="
    },
    "minecraft-server-util": {
      "version": "3.6.0",
      "resolved": "https://registry.npmjs.org/minecraft-server-util/-/minecraft-server-util-3.6.0.tgz",
      "integrity": "sha512-S+epv8Y4tYncBOCHrih81/vBwH6T2Tyn+D1yDXhUme74x0ELRD/NHyGZRH7Nyd2p0Oew/A/T3q3kbRP6EWPHbg==",
      "requires": {
        "ansi-styles": "^5.0.0"
      }
    },
    "node-int64": {
      "version": "0.4.0",
      "resolved": "https://registry.npmjs.org/node-int64/-/node-int64-0.4.0.tgz",
      "integrity": "sha1-h6kGXNs1XTGC2PlM4RGIuCXGijs="
    },
    "varint": {
      "version": "6.0.0",
      "resolved": "https://registry.npmjs.org/varint/-/varint-6.0.0.tgz",
      "integrity": "sha512-cXEIW6cfr15lFv563k4GuVuW/fiwjknytD37jIOLSdSWuOI6WnO/oKwmP2FQTU2l01LP8/M5TSAJpzUaGe3uWg=="
    }
  }
}
